// !$*UTF8*$!
{
	archiveVersion = 1;
	classes = {
	};
	objectVersion = 46;
	objects = {

/* Begin PBXBuildFile section */
		934B66631DFFA1BE006702C0 /* AppDelegate.swift in Sources */ = {isa = PBXBuildFile; fileRef = 934B66621DFFA1BE006702C0 /* AppDelegate.swift */; };
		934B66651DFFA1BE006702C0 /* MasterViewController.swift in Sources */ = {isa = PBXBuildFile; fileRef = 934B66641DFFA1BE006702C0 /* MasterViewController.swift */; };
		934B66671DFFA1BE006702C0 /* DetailViewController.swift in Sources */ = {isa = PBXBuildFile; fileRef = 934B66661DFFA1BE006702C0 /* DetailViewController.swift */; };
		934B666A1DFFA1BE006702C0 /* Main.storyboard in Resources */ = {isa = PBXBuildFile; fileRef = 934B66681DFFA1BE006702C0 /* Main.storyboard */; };
		934B666C1DFFA1BE006702C0 /* Assets.xcassets in Resources */ = {isa = PBXBuildFile; fileRef = 934B666B1DFFA1BE006702C0 /* Assets.xcassets */; };
		934B666F1DFFA1BE006702C0 /* LaunchScreen.storyboard in Resources */ = {isa = PBXBuildFile; fileRef = 934B666D1DFFA1BE006702C0 /* LaunchScreen.storyboard */; };
		934B667A1DFFA1BE006702C0 /* CaleanderEvnetsTests.swift in Sources */ = {isa = PBXBuildFile; fileRef = 934B66791DFFA1BE006702C0 /* CaleanderEvnetsTests.swift */; };
		934B66851DFFA1BE006702C0 /* CaleanderEvnetsUITests.swift in Sources */ = {isa = PBXBuildFile; fileRef = 934B66841DFFA1BE006702C0 /* CaleanderEvnetsUITests.swift */; };
		934B66931DFFAAAC006702C0 /* EventKit.framework in Frameworks */ = {isa = PBXBuildFile; fileRef = 934B66921DFFAAAC006702C0 /* EventKit.framework */; };
		934B66951DFFAAB0006702C0 /* EventKitUI.framework in Frameworks */ = {isa = PBXBuildFile; fileRef = 934B66941DFFAAB0006702C0 /* EventKitUI.framework */; };
/* End PBXBuildFile section */

/* Begin PBXContainerItemProxy section */
		934B66761DFFA1BE006702C0 /* PBXContainerItemProxy */ = {
			isa = PBXContainerItemProxy;
			containerPortal = 934B66571DFFA1BE006702C0 /* Project object */;
			proxyType = 1;
			remoteGlobalIDString = 934B665E1DFFA1BE006702C0;
			remoteInfo = CaleanderEvnets;
		};
		934B66811DFFA1BE006702C0 /* PBXContainerItemProxy */ = {
			isa = PBXContainerItemProxy;
			containerPortal = 934B66571DFFA1BE006702C0 /* Project object */;
			proxyType = 1;
			remoteGlobalIDString = 934B665E1DFFA1BE006702C0;
			remoteInfo = CaleanderEvnets;
		};
/* End PBXContainerItemProxy section */

/* Begin PBXFileReference section */
		934B665F1DFFA1BE006702C0 /* CaleanderEvnets.app */ = {isa = PBXFileReference; explicitFileType = wrapper.application; includeInIndex = 0; path = CaleanderEvnets.app; sourceTree = BUILT_PRODUCTS_DIR; };
		934B66621DFFA1BE006702C0 /* AppDelegate.swift */ = {isa = PBXFileReference; lastKnownFileType = sourcecode.swift; path = AppDelegate.swift; sourceTree = "<group>"; };
		934B66641DFFA1BE006702C0 /* MasterViewController.swift */ = {isa = PBXFileReference; lastKnownFileType = sourcecode.swift; path = MasterViewController.swift; sourceTree = "<group>"; };
		934B66661DFFA1BE006702C0 /* DetailViewController.swift */ = {isa = PBXFileReference; lastKnownFileType = sourcecode.swift; path = DetailViewController.swift; sourceTree = "<group>"; };
		934B66691DFFA1BE006702C0 /* Base */ = {isa = PBXFileReference; lastKnownFileType = file.storyboard; name = Base; path = Base.lproj/Main.storyboard; sourceTree = "<group>"; };
		934B666B1DFFA1BE006702C0 /* Assets.xcassets */ = {isa = PBXFileReference; lastKnownFileType = folder.assetcatalog; path = Assets.xcassets; sourceTree = "<group>"; };
		934B666E1DFFA1BE006702C0 /* Base */ = {isa = PBXFileReference; lastKnownFileType = file.storyboard; name = Base; path = Base.lproj/LaunchScreen.storyboard; sourceTree = "<group>"; };
		934B66701DFFA1BE006702C0 /* Info.plist */ = {isa = PBXFileReference; lastKnownFileType = text.plist.xml; path = Info.plist; sourceTree = "<group>"; };
		934B66751DFFA1BE006702C0 /* CaleanderEvnetsTests.xctest */ = {isa = PBXFileReference; explicitFileType = wrapper.cfbundle; includeInIndex = 0; path = CaleanderEvnetsTests.xctest; sourceTree = BUILT_PRODUCTS_DIR; };
		934B66791DFFA1BE006702C0 /* CaleanderEvnetsTests.swift */ = {isa = PBXFileReference; lastKnownFileType = sourcecode.swift; path = CaleanderEvnetsTests.swift; sourceTree = "<group>"; };
		934B667B1DFFA1BE006702C0 /* Info.plist */ = {isa = PBXFileReference; lastKnownFileType = text.plist.xml; path = Info.plist; sourceTree = "<group>"; };
		934B66801DFFA1BE006702C0 /* CaleanderEvnetsUITests.xctest */ = {isa = PBXFileReference; explicitFileType = wrapper.cfbundle; includeInIndex = 0; path = CaleanderEvnetsUITests.xctest; sourceTree = BUILT_PRODUCTS_DIR; };
		934B66841DFFA1BE006702C0 /* CaleanderEvnetsUITests.swift */ = {isa = PBXFileReference; lastKnownFileType = sourcecode.swift; path = CaleanderEvnetsUITests.swift; sourceTree = "<group>"; };
		934B66861DFFA1BE006702C0 /* Info.plist */ = {isa = PBXFileReference; lastKnownFileType = text.plist.xml; path = Info.plist; sourceTree = "<group>"; };
		934B66921DFFAAAC006702C0 /* EventKit.framework */ = {isa = PBXFileReference; lastKnownFileType = wrapper.framework; name = EventKit.framework; path = System/Library/Frameworks/EventKit.framework; sourceTree = SDKROOT; };
		934B66941DFFAAB0006702C0 /* EventKitUI.framework */ = {isa = PBXFileReference; lastKnownFileType = wrapper.framework; name = EventKitUI.framework; path = System/Library/Frameworks/EventKitUI.framework; sourceTree = SDKROOT; };
/* End PBXFileReference section */

/* Begin PBXFrameworksBuildPhase section */
		934B665C1DFFA1BE006702C0 /* Frameworks */ = {
			isa = PBXFrameworksBuildPhase;
			buildActionMask = 2147483647;
			files = (
				934B66951DFFAAB0006702C0 /* EventKitUI.framework in Frameworks */,
				934B66931DFFAAAC006702C0 /* EventKit.framework in Frameworks */,
			);
			runOnlyForDeploymentPostprocessing = 0;
		};
		934B66721DFFA1BE006702C0 /* Frameworks */ = {
			isa = PBXFrameworksBuildPhase;
			buildActionMask = 2147483647;
			files = (
			);
			runOnlyForDeploymentPostprocessing = 0;
		};
		934B667D1DFFA1BE006702C0 /* Frameworks */ = {
			isa = PBXFrameworksBuildPhase;
			buildActionMask = 2147483647;
			files = (
			);
			runOnlyForDeploymentPostprocessing = 0;
		};
/* End PBXFrameworksBuildPhase section */

/* Begin PBXGroup section */
		934B66561DFFA1BE006702C0 = {
			isa = PBXGroup;
			children = (
				934B66941DFFAAB0006702C0 /* EventKitUI.framework */,
				934B66921DFFAAAC006702C0 /* EventKit.framework */,
				934B66611DFFA1BE006702C0 /* CaleanderEvnets */,
				934B66781DFFA1BE006702C0 /* CaleanderEvnetsTests */,
				934B66831DFFA1BE006702C0 /* CaleanderEvnetsUITests */,
				934B66601DFFA1BE006702C0 /* Products */,
			);
			sourceTree = "<group>";
		};
		934B66601DFFA1BE006702C0 /* Products */ = {
			isa = PBXGroup;
			children = (
				934B665F1DFFA1BE006702C0 /* CaleanderEvnets.app */,
				934B66751DFFA1BE006702C0 /* CaleanderEvnetsTests.xctest */,
				934B66801DFFA1BE006702C0 /* CaleanderEvnetsUITests.xctest */,
			);
			name = Products;
			sourceTree = "<group>";
		};
		934B66611DFFA1BE006702C0 /* CaleanderEvnets */ = {
			isa = PBXGroup;
			children = (
				934B66621DFFA1BE006702C0 /* AppDelegate.swift */,
				934B66641DFFA1BE006702C0 /* MasterViewController.swift */,
				934B66661DFFA1BE006702C0 /* DetailViewController.swift */,
				934B66681DFFA1BE006702C0 /* Main.storyboard */,
				934B666B1DFFA1BE006702C0 /* Assets.xcassets */,
				934B666D1DFFA1BE006702C0 /* LaunchScreen.storyboard */,
				934B66701DFFA1BE006702C0 /* Info.plist */,
			);
			path = CaleanderEvnets;
			sourceTree = "<group>";
		};
		934B66781DFFA1BE006702C0 /* CaleanderEvnetsTests */ = {
			isa = PBXGroup;
			children = (
				934B66791DFFA1BE006702C0 /* CaleanderEvnetsTests.swift */,
				934B667B1DFFA1BE006702C0 /* Info.plist */,
			);
			path = CaleanderEvnetsTests;
			sourceTree = "<group>";
		};
		934B66831DFFA1BE006702C0 /* CaleanderEvnetsUITests */ = {
			isa = PBXGroup;
			children = (
				934B66841DFFA1BE006702C0 /* CaleanderEvnetsUITests.swift */,
				934B66861DFFA1BE006702C0 /* Info.plist */,
			);
			path = CaleanderEvnetsUITests;
			sourceTree = "<group>";
		};
/* End PBXGroup section */

/* Begin PBXNativeTarget section */
		934B665E1DFFA1BE006702C0 /* CaleanderEvnets */ = {
			isa = PBXNativeTarget;
			buildConfigurationList = 934B66891DFFA1BE006702C0 /* Build configuration list for PBXNativeTarget "CaleanderEvnets" */;
			buildPhases = (
				934B665B1DFFA1BE006702C0 /* Sources */,
				934B665C1DFFA1BE006702C0 /* Frameworks */,
				934B665D1DFFA1BE006702C0 /* Resources */,
			);
			buildRules = (
			);
			dependencies = (
			);
			name = CaleanderEvnets;
			productName = CaleanderEvnets;
			productReference = 934B665F1DFFA1BE006702C0 /* CaleanderEvnets.app */;
			productType = "com.apple.product-type.application";
		};
		934B66741DFFA1BE006702C0 /* CaleanderEvnetsTests */ = {
			isa = PBXNativeTarget;
			buildConfigurationList = 934B668C1DFFA1BE006702C0 /* Build configuration list for PBXNativeTarget "CaleanderEvnetsTests" */;
			buildPhases = (
				934B66711DFFA1BE006702C0 /* Sources */,
				934B66721DFFA1BE006702C0 /* Frameworks */,
				934B66731DFFA1BE006702C0 /* Resources */,
			);
			buildRules = (
			);
			dependencies = (
				934B66771DFFA1BE006702C0 /* PBXTargetDependency */,
			);
			name = CaleanderEvnetsTests;
			productName = CaleanderEvnetsTests;
			productReference = 934B66751DFFA1BE006702C0 /* CaleanderEvnetsTests.xctest */;
			productType = "com.apple.product-type.bundle.unit-test";
		};
		934B667F1DFFA1BE006702C0 /* CaleanderEvnetsUITests */ = {
			isa = PBXNativeTarget;
			buildConfigurationList = 934B668F1DFFA1BE006702C0 /* Build configuration list for PBXNativeTarget "CaleanderEvnetsUITests" */;
			buildPhases = (
				934B667C1DFFA1BE006702C0 /* Sources */,
				934B667D1DFFA1BE006702C0 /* Frameworks */,
				934B667E1DFFA1BE006702C0 /* Resources */,
			);
			buildRules = (
			);
			dependencies = (
				934B66821DFFA1BE006702C0 /* PBXTargetDependency */,
			);
			name = CaleanderEvnetsUITests;
			productName = CaleanderEvnetsUITests;
			productReference = 934B66801DFFA1BE006702C0 /* CaleanderEvnetsUITests.xctest */;
			productType = "com.apple.product-type.bundle.ui-testing";
		};
/* End PBXNativeTarget section */

/* Begin PBXProject section */
		934B66571DFFA1BE006702C0 /* Project object */ = {
			isa = PBXProject;
			attributes = {
				LastSwiftUpdateCheck = 0730;
				LastUpgradeCheck = 0730;
				ORGANIZATIONNAME = tinkl;
				TargetAttributes = {
					934B665E1DFFA1BE006702C0 = {
						CreatedOnToolsVersion = 7.3;
						DevelopmentTeam = T2362RFKT6;
					};
					934B66741DFFA1BE006702C0 = {
						CreatedOnToolsVersion = 7.3;
						TestTargetID = 934B665E1DFFA1BE006702C0;
					};
					934B667F1DFFA1BE006702C0 = {
						CreatedOnToolsVersion = 7.3;
						TestTargetID = 934B665E1DFFA1BE006702C0;
					};
				};
			};
			buildConfigurationList = 934B665A1DFFA1BE006702C0 /* Build configuration list for PBXProject "CaleanderEvnets" */;
			compatibilityVersion = "Xcode 3.2";
			developmentRegion = English;
			hasScannedForEncodings = 0;
			knownRegions = (
				en,
				Base,
			);
			mainGroup = 934B66561DFFA1BE006702C0;
			productRefGroup = 934B66601DFFA1BE006702C0 /* Products */;
			projectDirPath = "";
			projectRoot = "";
			targets = (
				934B665E1DFFA1BE006702C0 /* CaleanderEvnets */,
				934B66741DFFA1BE006702C0 /* CaleanderEvnetsTests */,
				934B667F1DFFA1BE006702C0 /* CaleanderEvnetsUITests */,
			);
		};
/* End PBXProject section */

/* Begin PBXResourcesBuildPhase section */
		934B665D1DFFA1BE006702C0 /* Resources */ = {
			isa = PBXResourcesBuildPhase;
			buildActionMask = 2147483647;
			files = (
				934B666F1DFFA1BE006702C0 /* LaunchScreen.storyboard in Resources */,
				934B666C1DFFA1BE006702C0 /* Assets.xcassets in Resources */,
				934B666A1DFFA1BE006702C0 /* Main.storyboard in Resources */,
			);
			runOnlyForDeploymentPostprocessing = 0;
		};
		934B66731DFFA1BE006702C0 /* Resources */ = {
			isa = PBXResourcesBuildPhase;
			buildActionMask = 2147483647;
			files = (
			);
			runOnlyForDeploymentPostprocessing = 0;
		};
		934B667E1DFFA1BE006702C0 /* Resources */ = {
			isa = PBXResourcesBuildPhase;
			buildActionMask = 2147483647;
			files = (
			);
			runOnlyForDeploymentPostprocessing = 0;
		};
/* End PBXResourcesBuildPhase section */

/* Begin PBXSourcesBuildPhase section */
		934B665B1DFFA1BE006702C0 /* Sources */ = {
			isa = PBXSourcesBuildPhase;
			buildActionMask = 2147483647;
			files = (
				934B66671DFFA1BE006702C0 /* DetailViewController.swift in Sources */,
				934B66651DFFA1BE006702C0 /* MasterViewController.swift in Sources */,
				934B66631DFFA1BE006702C0 /* AppDelegate.swift in Sources */,
			);
			runOnlyForDeploymentPostprocessing = 0;
		};
		934B66711DFFA1BE006702C0 /* Sources */ = {
			isa = PBXSourcesBuildPhase;
			buildActionMask = 2147483647;
			files = (
				934B667A1DFFA1BE006702C0 /* CaleanderEvnetsTests.swift in Sources */,
			);
			runOnlyForDeploymentPostprocessing = 0;
		};
		934B667C1DFFA1BE006702C0 /* Sources */ = {
			isa = PBXSourcesBuildPhase;
			buildActionMask = 2147483647;
			files = (
				934B66851DFFA1BE006702C0 /* CaleanderEvnetsUITests.swift in Sources */,
			);
			runOnlyForDeploymentPostprocessing = 0;
		};
/* End PBXSourcesBuildPhase section */

/* Begin PBXTargetDependency section */
		934B66771DFFA1BE006702C0 /* PBXTargetDependency */ = {
			isa = PBXTargetDependency;
			target = 934B665E1DFFA1BE006702C0 /* CaleanderEvnets */;
			targetProxy = 934B66761DFFA1BE006702C0 /* PBXContainerItemProxy */;
		};
		934B66821DFFA1BE006702C0 /* PBXTargetDependency */ = {
			isa = PBXTargetDependency;
			target = 934B665E1DFFA1BE006702C0 /* CaleanderEvnets */;
			targetProxy = 934B66811DFFA1BE006702C0 /* PBXContainerItemProxy */;
		};
/* End PBXTargetDependency section */

/* Begin PBXVariantGroup section */
		934B66681DFFA1BE006702C0 /* Main.storyboard */ = {
			isa = PBXVariantGroup;
			children = (
				934B66691DFFA1BE006702C0 /* Base */,
			);
			name = Main.storyboard;
			sourceTree = "<group>";
		};
		934B666D1DFFA1BE006702C0 /* LaunchScreen.storyboard */ = {
			isa = PBXVariantGroup;
			children = (
				934B666E1DFFA1BE006702C0 /* Base */,
			);
			name = LaunchScreen.storyboard;
			sourceTree = "<group>";
		};
/* End PBXVariantGroup section */

/* Begin XCBuildConfiguration section */
		934B66871DFFA1BE006702C0 /* Debug */ = {
			isa = XCBuildConfiguration;
			buildSettings = {
				ALWAYS_SEARCH_USER_PATHS = NO;
				CLANG_ANALYZER_NONNULL = YES;
				CLANG_CXX_LANGUAGE_STANDARD = "gnu++0x";
				CLANG_CXX_LIBRARY = "libc++";
				CLANG_ENABLE_MODULES = YES;
				CLANG_ENABLE_OBJC_ARC = YES;
				CLANG_WARN_BOOL_CONVERSION = YES;
				CLANG_WARN_CONSTANT_CONVERSION = YES;
				CLANG_WARN_DIRECT_OBJC_ISA_USAGE = YES_ERROR;
				CLANG_WARN_EMPTY_BODY = YES;
				CLANG_WARN_ENUM_CONVERSION = YES;
				CLANG_WARN_INT_CONVERSION = YES;
				CLANG_WARN_OBJC_ROOT_CLASS = YES_ERROR;
				CLANG_WARN_UNREACHABLE_CODE = YES;
				CLANG_WARN__DUPLICATE_METHOD_MATCH = YES;
				"CODE_SIGN_IDENTITY[sdk=iphoneos*]" = "iPhone Developer";
				COPY_PHASE_STRIP = NO;
				DEBUG_INFORMATION_FORMAT = dwarf;
				ENABLE_STRICT_OBJC_MSGSEND = YES;
				ENABLE_TESTABILITY = YES;
				GCC_C_LANGUAGE_STANDARD = gnu99;
				GCC_DYNAMIC_NO_PIC = NO;
				GCC_NO_COMMON_BLOCKS = YES;
				GCC_OPTIMIZATION_LEVEL = 0;
				GCC_PREPROCESSOR_DEFINITIONS = (
					"DEBUG=1",
					"$(inherited)",
				);
				GCC_WARN_64_TO_32_BIT_CONVERSION = YES;
				GCC_WARN_ABOUT_RETURN_TYPE = YES_ERROR;
				GCC_WARN_UNDECLARED_SELECTOR = YES;
				GCC_WARN_UNINITIALIZED_AUTOS = YES_AGGRESSIVE;
				GCC_WARN_UNUSED_FUNCTION = YES;
				GCC_WARN_UNUSED_VARIABLE = YES;
				IPHONEOS_DEPLOYMENT_TARGET = 9.3;
				MTL_ENABLE_DEBUG_INFO = YES;
				ONLY_ACTIVE_ARCH = YES;
				SDKROOT = iphoneos;
				SWIFT_OPTIMIZATION_LEVEL = "-Onone";
				TARGETED_DEVICE_FAMILY = "1,2";
			};
			name = Debug;
		};
		934B66881DFFA1BE006702C0 /* Release */ = {
			isa = XCBuildConfiguration;
			buildSettings = {
				ALWAYS_SEARCH_USER_PATHS = NO;
				CLANG_ANALYZER_NONNULL = YES;
				CLANG_CXX_LANGUAGE_STANDARD = "gnu++0x";
				CLANG_CXX_LIBRARY = "libc++";
				CLANG_ENABLE_MODULES = YES;
				CLANG_ENABLE_OBJC_ARC = YES;
				CLANG_WARN_BOOL_CONVERSION = YES;
				CLANG_WARN_CONSTANT_CONVERSION = YES;
				CLANG_WARN_DIRECT_OBJC_ISA_USAGE = YES_ERROR;
				CLANG_WARN_EMPTY_BODY = YES;
				CLANG_WARN_ENUM_CONVERSION = YES;
				CLANG_WARN_INT_CONVERSION = YES;
				CLANG_WARN_OBJC_ROOT_CLASS = YES_ERROR;
				CLANG_WARN_UNREACHABLE_CODE = YES;
				CLANG_WARN__DUPLICATE_METHOD_MATCH = YES;
				"CODE_SIGN_IDENTITY[sdk=iphoneos*]" = "iPhone Developer";
				COPY_PHASE_STRIP = NO;
				DEBUG_INFORMATION_FORMAT = "dwarf-with-dsym";
				ENABLE_NS_ASSERTIONS = NO;
				ENABLE_STRICT_OBJC_MSGSEND = YES;
				GCC_C_LANGUAGE_STANDARD = gnu99;
				GCC_NO_COMMON_BLOCKS = YES;
				GCC_WARN_64_TO_32_BIT_CONVERSION = YES;
				GCC_WARN_ABOUT_RETURN_TYPE = YES_ERROR;
				GCC_WARN_UNDECLARED_SELECTOR = YES;
				GCC_WARN_UNINITIALIZED_AUTOS = YES_AGGRESSIVE;
				GCC_WARN_UNUSED_FUNCTION = YES;
				GCC_WARN_UNUSED_VARIABLE = YES;
				IPHONEOS_DEPLOYMENT_TARGET = 9.3;
				MTL_ENABLE_DEBUG_INFO = NO;
				SDKROOT = iphoneos;
				TARGETED_DEVICE_FAMILY = "1,2";
				VALIDATE_PRODUCT = YES;
			};
			name = Release;
		};
		934B668A1DFFA1BE006702C0 /* Debug */ = {
			isa = XCBuildConfiguration;
			buildSettings = {
				ASSETCATALOG_COMPILER_APPICON_NAME = AppIcon;
				CODE_SIGN_IDENTITY = "iPhone Distribution: Beijing Star VATS Technologies Inc.";
				INFOPLIST_FILE = CaleanderEvnets/Info.plist;
				IPHONEOS_DEPLOYMENT_TARGET = 8.2;
				LD_RUNPATH_SEARCH_PATHS = "$(inherited) @executable_path/Frameworks";
				PRODUCT_BUNDLE_IDENTIFIER = com.wechat.testKEY;
				PRODUCT_NAME = "$(TARGET_NAME)";
				PROVISIONING_PROFILE = "3c0de2a1-5682-4a66-b664-ef4e28ff38c4";
			};
			name = Debug;
		};
		934B668B1DFFA1BE006702C0 /* Release */ = {
			isa = XCBuildConfiguration;
			buildSettings = {
				ASSETCATALOG_COMPILER_APPICON_NAME = AppIcon;
				CODE_SIGN_IDENTITY = "iPhone Distribution: Beijing Star VATS Technologies Inc.";
				INFOPLIST_FILE = CaleanderEvnets/Info.plist;
				IPHONEOS_DEPLOYMENT_TARGET = 8.2;
				LD_RUNPATH_SEARCH_PATHS = "$(inherited) @executable_path/Frameworks";
				PRODUCT_BUNDLE_IDENTIFIER = com.wechat.testKEY;
				PRODUCT_NAME = "$(TARGET_NAME)";
				PROVISIONING_PROFILE = "3c0de2a1-5682-4a66-b664-ef4e28ff38c4";
			};
			name = Release;
		};
		934B668D1DFFA1BE006702C0 /* Debug */ = {
			isa = XCBuildConfiguration;
			buildSettings = {
				BUNDLE_LOADER = "$(TEST_HOST)";
				INFOPLIST_FILE = CaleanderEvnetsTests/Info.plist;
				LD_RUNPATH_SEARCH_PATHS = "$(inherited) @executable_path/Frameworks @loader_path/Frameworks";
				PRODUCT_BUNDLE_IDENTIFIER = com.calaend.cn.CaleanderEvnetsTests;
				PRODUCT_NAME = "$(TARGET_NAME)";
				TEST_HOST = "$(BUILT_PRODUCTS_DIR)/CaleanderEvnets.app/CaleanderEvnets";
			};
			name = Debug;
		};
		934B668E1DFFA1BE006702C0 /* Release */ = {
			isa = XCBuildConfiguration;
			buildSettings = {
				BUNDLE_LOADER = "$(TEST_HOST)";
				INFOPLIST_FILE = CaleanderEvnetsTests/Info.plist;
				LD_RUNPATH_SEARCH_PATHS = "$(inherited) @executable_path/Frameworks @loader_path/Frameworks";
				PRODUCT_BUNDLE_IDENTIFIER = com.calaend.cn.CaleanderEvnetsTests;
				PRODUCT_NAME = "$(TARGET_NAME)";
				TEST_HOST = "$(BUILT_PRODUCTS_DIR)/CaleanderEvnets.app/CaleanderEvnets";
			};
			name = Release;
		};
		934B66901DFFA1BE006702C0 /* Debug */ = {
			isa = XCBuildConfiguration;
			buildSettings = {
				INFOPLIST_FILE = CaleanderEvnetsUITests/Info.plist;
				LD_RUNPATH_SEARCH_PATHS = "$(inherited) @executable_path/Frameworks @loader_path/Frameworks";
				PRODUCT_BUNDLE_IDENTIFIER = com.calaend.cn.CaleanderEvnetsUITests;
				PRODUCT_NAME = "$(TARGET_NAME)";
				TEST_TARGET_NAME = CaleanderEvnets;
			};
			name = Debug;
		};
		934B66911DFFA1BE006702C0 /* Release */ = {
			isa = XCBuildConfiguration;
			buildSettings = {
				INFOPLIST_FILE = CaleanderEvnetsUITests/Info.plist;
				LD_RUNPATH_SEARCH_PATHS = "$(inherited) @executable_path/Frameworks @loader_path/Frameworks";
				PRODUCT_BUNDLE_IDENTIFIER = com.calaend.cn.CaleanderEvnetsUITests;
				PRODUCT_NAME = "$(TARGET_NAME)";
				TEST_TARGET_NAME = CaleanderEvnets;
			};
			name = Release;
		};
/* End XCBuildConfiguration section */

/* Begin XCConfigurationList section */
		934B665A1DFFA1BE006702C0 /* Build configuration list for PBXProject "CaleanderEvnets" */ = {
			isa = XCConfigurationList;
			buildConfigurations = (
				934B66871DFFA1BE006702C0 /* Debug */,
				934B66881DFFA1BE006702C0 /* Release */,
			);
			defaultConfigurationIsVisible = 0;
			defaultConfigurationName = Release;
		};
		934B66891DFFA1BE006702C0 /* Build configuration list for PBXNativeTarget "CaleanderEvnets" */ = {
			isa = XCConfigurationList;
			buildConfigurations = (
				934B668A1DFFA1BE006702C0 /* Debug */,
				934B668B1DFFA1BE006702C0 /* Release */,
			);
			defaultConfigurationIsVisible = 0;
		};
		934B668C1DFFA1BE006702C0 /* Build configuration list for PBXNativeTarget "CaleanderEvnetsTests" */ = {
			isa = XCConfigurationList;
			buildConfigurations = (
				934B668D1DFFA1BE006702C0 /* Debug */,
				934B668E1DFFA1BE006702C0 /* Release */,
			);
			defaultConfigurationIsVisible = 0;
		};
		934B668F1DFFA1BE006702C0 /* Build configuration list for PBXNativeTarget "CaleanderEvnetsUITests" */ = {
			isa = XCConfigurationList;
			buildConfigurations = (
				934B66901DFFA1BE006702C0 /* Debug */,
				934B66911DFFA1BE006702C0 /* Release */,
			);
			defaultConfigurationIsVisible = 0;
		};
/* End XCConfigurationList section */
	};
	rootObject = 934B66571DFFA1BE006702C0 /* Project object */;
}
